{
  "name": "moleculer-web-uws",
  "version": "0.0.1",
  "lockfileVersion": 2,
  "requires": true,
  "packages": {
    "": {
      "version": "0.0.1",
      "license": "MIT",
      "dependencies": {
        "etag": "^1.8.1",
        "is-stream": "^2.0.0",
        "uWebSockets.js": "github:uNetworking/uWebSockets.js#v19.2.0",
        "zlib": "^1.0.5"
      },
      "devDependencies": {},
      "engines": {
        "node": ">= 10.x.x"
      },
      "peerDependencies": {
        "moleculer": "^0.14.13"
      }
    },
    "node_modules/args": {
      "version": "5.0.1",
      "license": "MIT",
      "peer": true,
      "dependencies": {
        "camelcase": "5.0.0",
        "chalk": "2.4.2",
        "leven": "2.1.0",
        "mri": "1.1.4"
      },
      "engines": {
        "node": ">= 6.0.0"
      }
    },
    "node_modules/args/node_modules/ansi-styles": {
      "version": "3.2.1",
      "license": "MIT",
      "peer": true,
      "dependencies": {
        "color-convert": "^1.9.0"
      },
      "engines": {
        "node": ">=4"
      }
    },
    "node_modules/args/node_modules/camelcase": {
      "version": "5.0.0",
      "license": "MIT",
      "peer": true,
      "engines": {
        "node": ">=6"
      }
    },
    "node_modules/args/node_modules/chalk": {
      "version": "2.4.2",
      "license": "MIT",
      "peer": true,
      "dependencies": {
        "ansi-styles": "^3.2.1",
        "escape-string-regexp": "^1.0.5",
        "supports-color": "^5.3.0"
      },
      "engines": {
        "node": ">=4"
      }
    },
    "node_modules/args/node_modules/color-convert": {
      "version": "1.9.3",
      "license": "MIT",
      "peer": true,
      "dependencies": {
        "color-name": "1.1.3"
      }
    },
    "node_modules/args/node_modules/color-name": {
      "version": "1.1.3",
      "license": "MIT",
      "peer": true
    },
    "node_modules/args/node_modules/has-flag": {
      "version": "3.0.0",
      "license": "MIT",
      "peer": true,
      "engines": {
        "node": ">=4"
      }
    },
    "node_modules/args/node_modules/supports-color": {
      "version": "5.5.0",
      "license": "MIT",
      "peer": true,
      "dependencies": {
        "has-flag": "^3.0.0"
      },
      "engines": {
        "node": ">=4"
      }
    },
    "node_modules/balanced-match": {
      "version": "1.0.2",
      "license": "MIT",
      "peer": true
    },
    "node_modules/brace-expansion": {
      "version": "1.1.11",
      "license": "MIT",
      "peer": true,
      "dependencies": {
        "balanced-match": "^1.0.0",
        "concat-map": "0.0.1"
      }
    },
    "node_modules/concat-map": {
      "version": "0.0.1",
      "license": "MIT",
      "peer": true
    },
    "node_modules/es6-error": {
      "version": "4.1.1",
      "license": "MIT",
      "peer": true
    },
    "node_modules/escape-string-regexp": {
      "version": "1.0.5",
      "license": "MIT",
      "peer": true,
      "engines": {
        "node": ">=0.8.0"
      }
    },
    "node_modules/etag": {
      "version": "1.8.1",
      "license": "MIT",
      "engines": {
        "node": ">= 0.6"
      }
    },
    "node_modules/eventemitter2": {
      "version": "6.4.4",
      "license": "MIT",
      "peer": true
    },
    "node_modules/fastest-validator": {
      "version": "1.11.0",
      "license": "MIT",
      "peer": true
    },
    "node_modules/fn-args": {
      "version": "5.0.0",
      "license": "MIT",
      "peer": true,
      "engines": {
        "node": ">=8"
      }
    },
    "node_modules/fs.realpath": {
      "version": "1.0.0",
      "license": "ISC",
      "peer": true
    },
    "node_modules/glob": {
      "version": "7.1.7",
      "license": "ISC",
      "peer": true,
      "dependencies": {
        "fs.realpath": "^1.0.0",
        "inflight": "^1.0.4",
        "inherits": "2",
        "minimatch": "^3.0.4",
        "once": "^1.3.0",
        "path-is-absolute": "^1.0.0"
      },
      "engines": {
        "node": "*"
      },
      "funding": {
        "url": "https://github.com/sponsors/isaacs"
      }
    },
    "node_modules/inflight": {
      "version": "1.0.6",
      "license": "ISC",
      "peer": true,
      "dependencies": {
        "once": "^1.3.0",
        "wrappy": "1"
      }
    },
    "node_modules/inherits": {
      "version": "2.0.4",
      "license": "ISC",
      "peer": true
    },
    "node_modules/ipaddr.js": {
      "version": "2.0.1",
      "license": "MIT",
      "peer": true,
      "engines": {
        "node": ">= 10"
      }
    },
    "node_modules/is-stream": {
      "version": "2.0.0",
      "license": "MIT",
      "engines": {
        "node": ">=8"
      }
    },
    "node_modules/kleur": {
      "version": "4.1.4",
      "license": "MIT",
      "peer": true,
      "engines": {
        "node": ">=6"
      }
    },
    "node_modules/leven": {
      "version": "2.1.0",
      "license": "MIT",
      "peer": true,
      "engines": {
        "node": ">=0.10.0"
      }
    },
    "node_modules/lodash": {
      "version": "4.17.21",
      "license": "MIT",
      "peer": true
    },
    "node_modules/minimatch": {
      "version": "3.0.4",
      "license": "ISC",
      "peer": true,
      "dependencies": {
        "brace-expansion": "^1.1.7"
      },
      "engines": {
        "node": "*"
      }
    },
    "node_modules/moleculer": {
      "version": "0.14.13",
      "license": "MIT",
      "peer": true,
      "dependencies": {
        "args": "^5.0.1",
        "es6-error": "^4.1.1",
        "eventemitter2": "^6.4.4",
        "fastest-validator": "^1.10.1",
        "fn-args": "^5.0.0",
        "glob": "^7.1.6",
        "ipaddr.js": "^2.0.0",
        "kleur": "^4.1.4",
        "lodash": "^4.17.21",
        "lru-cache": "^6.0.0",
        "node-fetch": "^2.6.1",
        "recursive-watch": "^1.1.4"
      },
      "bin": {
        "moleculer-runner": "bin/moleculer-runner.js"
      },
      "engines": {
        "node": ">= 10.x.x"
      },
      "funding": {
        "url": "https://github.com/moleculerjs/moleculer?sponsor=1"
      }
    },
    "node_modules/moleculer/node_modules/lru-cache": {
      "version": "6.0.0",
      "license": "ISC",
      "peer": true,
      "dependencies": {
        "yallist": "^4.0.0"
      },
      "engines": {
        "node": ">=10"
      }
    },
    "node_modules/moleculer/node_modules/yallist": {
      "version": "4.0.0",
      "license": "ISC",
      "peer": true
    },
    "node_modules/mri": {
      "version": "1.1.4",
      "license": "MIT",
      "peer": true,
      "engines": {
        "node": ">=4"
      }
    },
    "node_modules/node-fetch": {
      "version": "2.6.1",
      "license": "MIT",
      "peer": true,
      "engines": {
        "node": "4.x || >=6.0.0"
      }
    },
    "node_modules/once": {
      "version": "1.4.0",
      "license": "ISC",
      "peer": true,
      "dependencies": {
        "wrappy": "1"
      }
    },
    "node_modules/path-is-absolute": {
      "version": "1.0.1",
      "license": "MIT",
      "peer": true,
      "engines": {
        "node": ">=0.10.0"
      }
    },
    "node_modules/recursive-watch": {
      "version": "1.1.4",
      "license": "MIT",
      "peer": true,
      "dependencies": {
        "ttl": "^1.3.0"
      },
      "bin": {
        "recursive-watch": "bin.js"
      }
    },
    "node_modules/ttl": {
      "version": "1.3.1",
      "license": "MIT",
      "peer": true
    },
    "node_modules/uWebSockets.js": {
      "version": "19.2.0",
      "resolved": "git+ssh://git@github.com/uNetworking/uWebSockets.js.git#77b1761c5a23ac6a5c2adf2bd808be0ae6b5000a"
    },
    "node_modules/wrappy": {
      "version": "1.0.2",
      "license": "ISC",
      "peer": true
    },
    "node_modules/zlib": {
      "version": "1.0.5",
      "engines": {
        "node": ">=0.2.0"
      }
    }
  },
  "dependencies": {
    "args": {
      "version": "5.0.1",
      "peer": true,
      "requires": {
        "camelcase": "5.0.0",
        "chalk": "2.4.2",
        "leven": "2.1.0",
        "mri": "1.1.4"
      },
      "dependencies": {
        "ansi-styles": {
          "version": "3.2.1",
          "peer": true,
          "requires": {
            "color-convert": "^1.9.0"
          }
        },
        "camelcase": {
          "version": "5.0.0",
          "peer": true
        },
        "chalk": {
          "version": "2.4.2",
          "peer": true,
          "requires": {
            "ansi-styles": "^3.2.1",
            "escape-string-regexp": "^1.0.5",
            "supports-color": "^5.3.0"
          }
        },
        "color-convert": {
          "version": "1.9.3",
          "peer": true,
          "requires": {
            "color-name": "1.1.3"
          }
        },
        "color-name": {
          "version": "1.1.3",
          "peer": true
        },
        "has-flag": {
          "version": "3.0.0",
          "peer": true
        },
        "supports-color": {
          "version": "5.5.0",
          "peer": true,
          "requires": {
            "has-flag": "^3.0.0"
          }
        }
      }
    },
    "balanced-match": {
      "version": "1.0.2",
      "peer": true
    },
    "brace-expansion": {
      "version": "1.1.11",
      "peer": true,
      "requires": {
        "balanced-match": "^1.0.0",
        "concat-map": "0.0.1"
      }
    },
    "concat-map": {
      "version": "0.0.1",
      "peer": true
    },
    "es6-error": {
      "version": "4.1.1",
      "peer": true
    },
    "escape-string-regexp": {
      "version": "1.0.5",
      "peer": true
    },
    "etag": {
      "version": "1.8.1"
    },
    "eventemitter2": {
      "version": "6.4.4",
      "peer": true
    },
    "fastest-validator": {
      "version": "1.11.0",
      "peer": true
    },
    "fn-args": {
      "version": "5.0.0",
      "peer": true
    },
    "fs.realpath": {
      "version": "1.0.0",
      "peer": true
    },
    "glob": {
      "version": "7.1.7",
      "peer": true,
      "requires": {
        "fs.realpath": "^1.0.0",
        "inflight": "^1.0.4",
        "inherits": "2",
        "minimatch": "^3.0.4",
        "once": "^1.3.0",
        "path-is-absolute": "^1.0.0"
      }
    },
    "inflight": {
      "version": "1.0.6",
      "peer": true,
      "requires": {
        "once": "^1.3.0",
        "wrappy": "1"
      }
    },
    "inherits": {
      "version": "2.0.4",
      "peer": true
    },
    "ipaddr.js": {
      "version": "2.0.1",
      "peer": true
    },
    "is-stream": {
      "version": "2.0.0"
    },
    "kleur": {
      "version": "4.1.4",
      "peer": true
    },
    "leven": {
      "version": "2.1.0",
      "peer": true
    },
    "lodash": {
      "version": "4.17.21",
      "peer": true
    },
    "minimatch": {
      "version": "3.0.4",
      "peer": true,
      "requires": {
        "brace-expansion": "^1.1.7"
      }
    },
    "moleculer": {
      "version": "0.14.13",
      "peer": true,
      "requires": {
        "args": "^5.0.1",
        "es6-error": "^4.1.1",
        "eventemitter2": "^6.4.4",
        "fastest-validator": "^1.10.1",
        "fn-args": "^5.0.0",
        "glob": "^7.1.6",
        "ipaddr.js": "^2.0.0",
        "kleur": "^4.1.4",
        "lodash": "^4.17.21",
        "lru-cache": "^6.0.0",
        "node-fetch": "^2.6.1",
        "recursive-watch": "^1.1.4"
      },
      "dependencies": {
        "lru-cache": {
          "version": "6.0.0",
          "peer": true,
          "requires": {
            "yallist": "^4.0.0"
          }
        },
        "yallist": {
          "version": "4.0.0",
          "peer": true
        }
      }
    },
    "mri": {
      "version": "1.1.4",
      "peer": true
    },
    "node-fetch": {
      "version": "2.6.1",
      "peer": true
    },
    "once": {
      "version": "1.4.0",
      "peer": true,
      "requires": {
        "wrappy": "1"
      }
    },
    "path-is-absolute": {
      "version": "1.0.1",
      "peer": true
    },
    "recursive-watch": {
      "version": "1.1.4",
      "peer": true,
      "requires": {
        "ttl": "^1.3.0"
      }
    },
    "ttl": {
      "version": "1.3.1",
      "peer": true
    },
    "uWebSockets.js": {
      "version": "git+ssh://git@github.com/uNetworking/uWebSockets.js.git#77b1761c5a23ac6a5c2adf2bd808be0ae6b5000a",
      "from": "uWebSockets.js@github:uNetworking/uWebSockets.js#v19.2.0"
    },
    "wrappy": {
      "version": "1.0.2",
      "peer": true
    },
    "zlib": {
      "version": "1.0.5"
    }
  }
}
